[[package]]
name = "appscript"
version = "1.2.1"
description = "Control AppleScriptable applications from Python."
category = "main"
optional = false
python-versions = "*"

[package.dependencies]
lxml = ">=4.7.1"

[[package]]
name = "autopep8"
version = "2.0.0"
description = "A tool that automatically formats Python code to conform to the PEP 8 style guide"
category = "dev"
optional = false
python-versions = "*"

[package.dependencies]
pycodestyle = ">=2.9.1"
tomli = "*"

[[package]]
name = "et-xmlfile"
version = "1.1.0"
description = "An implementation of lxml.xmlfile for the standard library"
category = "main"
optional = false
python-versions = ">=3.6"

[[package]]
name = "lxml"
version = "4.9.1"
description = "Powerful and Pythonic XML processing library combining libxml2/libxslt with the ElementTree API."
category = "main"
optional = false
python-versions = ">=2.7, !=3.0.*, !=3.1.*, !=3.2.*, !=3.3.*, != 3.4.*"

[package.extras]
cssselect = ["cssselect (>=0.7)"]
html5 = ["html5lib"]
htmlsoup = ["beautifulsoup4"]
source = ["Cython (>=0.29.7)"]

[[package]]
name = "openpyxl"
version = "3.0.10"
description = "A Python library to read/write Excel 2010 xlsx/xlsm files"
category = "main"
optional = false
python-versions = ">=3.6"

[package.dependencies]
et-xmlfile = "*"

[[package]]
name = "psutil"
version = "5.9.3"
description = "Cross-platform lib for process and system monitoring in Python."
category = "main"
optional = false
python-versions = ">=2.7, !=3.0.*, !=3.1.*, !=3.2.*, !=3.3.*"

[package.extras]
test = ["ipaddress", "mock", "enum34", "pywin32", "wmi"]

[[package]]
name = "pyacadcom"
version = "0.0.10"
description = "Python AutoCAD COM automation via pywin32"
category = "main"
optional = false
python-versions = "*"

[package.dependencies]
pywin32 = ">=214"

[[package]]
name = "pycodestyle"
version = "2.9.1"
description = "Python style guide checker"
category = "dev"
optional = false
python-versions = ">=3.6"

[[package]]
name = "pyqt5"
version = "5.15.7"
description = "Python bindings for the Qt cross platform application toolkit"
category = "main"
optional = false
python-versions = ">=3.7"

[package.dependencies]
PyQt5-Qt5 = ">=5.15.0"
PyQt5-sip = ">=12.11,<13"

[[package]]
name = "pyqt5-qt5"
version = "5.15.2"
description = "The subset of a Qt installation needed by PyQt5."
category = "main"
optional = false
python-versions = "*"

[[package]]
name = "pyqt5-sip"
version = "12.11.0"
description = "The sip module support for PyQt5"
category = "main"
optional = false
python-versions = ">=3.7"

[[package]]
name = "pywin32"
version = "304"
description = "Python for Window Extensions"
category = "main"
optional = false
python-versions = "*"

[[package]]
name = "tomli"
version = "2.0.1"
description = "A lil' TOML parser"
category = "dev"
optional = false
python-versions = ">=3.7"

[[package]]
name = "xlwings"
version = "0.28.5"
description = "Make Excel fly: Interact with Excel from Python and vice versa."
category = "main"
optional = false
python-versions = ">=3.7"

[package.dependencies]
appscript = {version = ">=1.0.1", markers = "platform_system == \"Darwin\""}
psutil = {version = ">=2.0.0", markers = "platform_system == \"Darwin\""}
pywin32 = {version = ">=224", markers = "platform_system == \"Windows\""}

[package.extras]
all = ["jinja2", "pandas", "matplotlib", "plotly", "flask", "requests", "pdfrw"]
reports = ["jinja2", "pdfrw"]

[metadata]
lock-version = "1.1"
python-versions = "^3.10"
content-hash = "7cebac25b0fc5de635cdf4f809b7e318c49c08f539cf1ed57d4b899cf528ea63"

[metadata.files]
appscript = []
autopep8 = []
et-xmlfile = []
lxml = []
openpyxl = []
psutil = []
pyacadcom = []
pycodestyle = []
pyqt5 = []
pyqt5-qt5 = []
pyqt5-sip = []
pywin32 = []
tomli = []
xlwings = []
